
Microsoft Visual Studio Solution File, Format Version 12.00
# Visual Studio Version 16
VisualStudioVersion = 16.0.29306.81
MinimumVisualStudioVersion = 10.0.40219.1
Project("{FAE04EC0-301F-11D3-BF4B-00C04F79EFBC}") = "MyBookings", "MyBookings.csproj", "{DA1FE054-D50B-4EF1-9FAA-CFFCABE8116C}"
EndProject
Global
	GlobalSection(SolutionConfigurationPlatforms) = preSolution
		Debug|Any CPU = Debug|Any CPU
		Release|Any CPU = Release|Any CPU
	EndGlobalSection
	GlobalSection(ProjectConfigurationPlatforms) = postSolution
		{DA1FE054-D50B-4EF1-9FAA-CFFCABE8116C}.Debug|Any CPU.ActiveCfg = Debug|Any CPU
		{DA1FE054-D50B-4EF1-9FAA-CFFCABE8116C}.Debug|Any CPU.Build.0 = Debug|Any CPU
		{DA1FE054-D50B-4EF1-9FAA-CFFCABE8116C}.Release|Any CPU.ActiveCfg = Release|Any CPU
		{DA1FE054-D50B-4EF1-9FAA-CFFCABE8116C}.Release|Any CPU.Build.0 = Release|Any CPU
	EndGlobalSection
	GlobalSection(SolutionProperties) = preSolution
		HideSolutionNode = FALSE
	EndGlobalSection
	GlobalSection(ExtensibilityGlobals) = postSolution
		SolutionGuid = {AD8AD00E-024A-4837-8B0B-C9E7C7D2AC35}
	EndGlobalSection
EndGlobal
